%{"bundlex": {:git, "git@github.com:radiokit/bundlex.git", "5b7bcea58c7f09c4c2d94e0b9fa0a434eddaf74d", []},
  "espec": {:hex, :espec, "1.1.2", "d1cf60ee8f6fb8b0f1593097958762f870949238b0aa15788201728cb6e672dd", [:mix], [{:meck, "~> 0.8.4", [hex: :meck, optional: false]}]},
  "meck": {:hex, :meck, "0.8.4", "59ca1cd971372aa223138efcf9b29475bde299e1953046a0c727184790ab1520", [:make, :rebar], []},
  "membrane_caps_audio_raw": {:git, "git@github.com:membraneframework/membrane-caps-audio-raw.git", "0968a5e95a7153b517bec3b2d1e0f1055b2a385c", []},
  "membrane_common_c": {:git, "git@github.com:membraneframework/membrane-common-c.git", "d059c36fb87f0aca17beebd2ce83cf056aba94bb", []},
  "membrane_core": {:git, "git@github.com:membraneframework/membrane-core.git", "80ec0a624333fe249a87e87582f15bd1cb158b53", []},
  "porcelain": {:hex, :porcelain, "2.0.3", "2d77b17d1f21fed875b8c5ecba72a01533db2013bd2e5e62c6d286c029150fdc", [:mix], []}}
